<?xml version="1.0" encoding="utf-8"?>
<Project ToolsVersion="4.0" xmlns="http://schemas.microsoft.com/developer/msbuild/2003">
  <ItemGroup>
    <Filter Include="src">
      <UniqueIdentifier>{bfe957f1-7489-4a82-8283-8562f9e59dcb}</UniqueIdentifier>
    </Filter>
    <Filter Include="res">
      <UniqueIdentifier>{300195a0-5909-408d-b64c-5f8ddaffb29e}</UniqueIdentifier>
    </Filter>
    <Filter Include="src\game">
      <UniqueIdentifier>{cad46d4d-bd8b-45b6-9f56-b178f465276b}</UniqueIdentifier>
    </Filter>
    <Filter Include="src\screen">
      <UniqueIdentifier>{78c21d56-95be-4cdf-ac5e-869cd18bda84}</UniqueIdentifier>
    </Filter>
    <Filter Include="src\math">
      <UniqueIdentifier>{ae17c72a-6837-4d9f-8733-5b510568fd37}</UniqueIdentifier>
    </Filter>
    <Filter Include="src\math\shape">
      <UniqueIdentifier>{a39b2748-0ee2-4e7d-906f-fa293017b3fa}</UniqueIdentifier>
    </Filter>
    <Filter Include="src\math\vector">
      <UniqueIdentifier>{2542f07e-1eac-41cb-bf9a-f61b6e5970e7}</UniqueIdentifier>
    </Filter>
    <Filter Include="src\game\player">
      <UniqueIdentifier>{039d6951-4ed1-498c-85ee-a95e61c9939b}</UniqueIdentifier>
    </Filter>
  </ItemGroup>
  <ItemGroup>
    <ClCompile Include="src\main.cpp">
      <Filter>src</Filter>
    </ClCompile>
    <ClCompile Include="src\game.cpp">
      <Filter>src\game</Filter>
    </ClCompile>
    <ClCompile Include="src\screen.cpp">
      <Filter>src\screen</Filter>
    </ClCompile>
    <ClCompile Include="src\vector.cpp">
      <Filter>src\math\vector</Filter>
    </ClCompile>
    <ClCompile Include="src\shape.cpp">
      <Filter>src\math\shape</Filter>
    </ClCompile>
    <ClCompile Include="src\player.cpp">
      <Filter>src\game\player</Filter>
    </ClCompile>
  </ItemGroup>
  <ItemGroup>
    <ClInclude Include="src\game.h">
      <Filter>src\game</Filter>
    </ClInclude>
    <ClInclude Include="src\screen.h">
      <Filter>src\screen</Filter>
    </ClInclude>
    <ClInclude Include="src\vector.h">
      <Filter>src\math\vector</Filter>
    </ClInclude>
    <ClInclude Include="src\shape.h">
      <Filter>src\math\shape</Filter>
    </ClInclude>
    <ClInclude Include="src\player.h">
      <Filter>src\game\player</Filter>
    </ClInclude>
  </ItemGroup>
</Project>